// !$*UTF8*$!
{
	archiveVersion = 1;
	classes = {
	};
	objectVersion = 46;
	objects = {

/* Begin PBXBuildFile section */
		0429B1C31BB9C84400161222 /* NSObject+Blocks.m in Sources */ = {isa = PBXBuildFile; fileRef = 0429B1C21BB9C84400161222 /* NSObject+Blocks.m */; };
		0429B1C61BB9DC5F00161222 /* HelpManager.m in Sources */ = {isa = PBXBuildFile; fileRef = 0429B1C51BB9DC5F00161222 /* HelpManager.m */; };
		044ECE941BC08A6000AF3E2D /* SearchResultsViewController.m in Sources */ = {isa = PBXBuildFile; fileRef = 044ECE921BC08A6000AF3E2D /* SearchResultsViewController.m */; };
		044ECE991BC08A8000AF3E2D /* SearchResultCell.m in Sources */ = {isa = PBXBuildFile; fileRef = 044ECE971BC08A8000AF3E2D /* SearchResultCell.m */; };
		044ECE9A1BC08A8000AF3E2D /* SearchResultCell.xib in Resources */ = {isa = PBXBuildFile; fileRef = 044ECE981BC08A8000AF3E2D /* SearchResultCell.xib */; };
		047E45501BC0960F000B5151 /* SearchViewController.m in Sources */ = {isa = PBXBuildFile; fileRef = 047E454F1BC0960F000B5151 /* SearchViewController.m */; };
		047E45571BC09F3B000B5151 /* AdvancedSearchViewController.xib in Resources */ = {isa = PBXBuildFile; fileRef = 047E45561BC09F3B000B5151 /* AdvancedSearchViewController.xib */; };
		047E455A1BC5831D000B5151 /* PickupLocationView.m in Sources */ = {isa = PBXBuildFile; fileRef = 047E45591BC5831D000B5151 /* PickupLocationView.m */; };
		047E455C1BC58330000B5151 /* PickupLocationView.xib in Resources */ = {isa = PBXBuildFile; fileRef = 047E455B1BC58330000B5151 /* PickupLocationView.xib */; };
		047E45831BC59DE0000B5151 /* SelectLocationViewController.m in Sources */ = {isa = PBXBuildFile; fileRef = 047E45811BC59DE0000B5151 /* SelectLocationViewController.m */; };
		047E45841BC59DE0000B5151 /* SelectLocationViewController.xib in Resources */ = {isa = PBXBuildFile; fileRef = 047E45821BC59DE0000B5151 /* SelectLocationViewController.xib */; };
		047E458D1BC5A4D8000B5151 /* MLPAutoCompleteTextField.m in Sources */ = {isa = PBXBuildFile; fileRef = 047E45871BC5A4D8000B5151 /* MLPAutoCompleteTextField.m */; };
		047E458E1BC5A4D8000B5151 /* NSString+Levenshtein.m in Sources */ = {isa = PBXBuildFile; fileRef = 047E458C1BC5A4D8000B5151 /* NSString+Levenshtein.m */; };
		047E45911BC63686000B5151 /* MobDriverManager.m in Sources */ = {isa = PBXBuildFile; fileRef = 047E45901BC63686000B5151 /* MobDriverManager.m */; };
		047E45941BC63C99000B5151 /* DriverSearchResult.m in Sources */ = {isa = PBXBuildFile; fileRef = 047E45931BC63C99000B5151 /* DriverSearchResult.m */; };
		0489129E1BB92150005E4E02 /* Nationality.m in Sources */ = {isa = PBXBuildFile; fileRef = 0489129D1BB92150005E4E02 /* Nationality.m */; };
		048912A11BB922A2005E4E02 /* TermsAndCondition.m in Sources */ = {isa = PBXBuildFile; fileRef = 048912A01BB922A2005E4E02 /* TermsAndCondition.m */; };
		048912A41BB92458005E4E02 /* Language.m in Sources */ = {isa = PBXBuildFile; fileRef = 048912A31BB92458005E4E02 /* Language.m */; };
		048912A71BB92539005E4E02 /* Employer.m in Sources */ = {isa = PBXBuildFile; fileRef = 048912A61BB92539005E4E02 /* Employer.m */; };
		048912AA1BB92609005E4E02 /* Emirate.m in Sources */ = {isa = PBXBuildFile; fileRef = 048912A91BB92609005E4E02 /* Emirate.m */; };
		048912AD1BB926A6005E4E02 /* Region.m in Sources */ = {isa = PBXBuildFile; fileRef = 048912AC1BB926A6005E4E02 /* Region.m */; };
		048912B01BB933B8005E4E02 /* User.m in Sources */ = {isa = PBXBuildFile; fileRef = 048912AF1BB933B8005E4E02 /* User.m */; };
		04931B211BAAF814000F5434 /* main.m in Sources */ = {isa = PBXBuildFile; fileRef = 04931B201BAAF814000F5434 /* main.m */; };
		04931B271BAAF814000F5434 /* Sharekni.xcdatamodeld in Sources */ = {isa = PBXBuildFile; fileRef = 04931B251BAAF814000F5434 /* Sharekni.xcdatamodeld */; };
		04931B2D1BAAF814000F5434 /* Main.storyboard in Resources */ = {isa = PBXBuildFile; fileRef = 04931B2B1BAAF814000F5434 /* Main.storyboard */; };
		04931B321BAAF814000F5434 /* LaunchScreen.xib in Resources */ = {isa = PBXBuildFile; fileRef = 04931B301BAAF814000F5434 /* LaunchScreen.xib */; };
		04931B3E1BAAF815000F5434 /* SharekniTests.m in Sources */ = {isa = PBXBuildFile; fileRef = 04931B3D1BAAF815000F5434 /* SharekniTests.m */; };
		143BE6AF1BB14BD2009F6496 /* AppDelegate.m in Sources */ = {isa = PBXBuildFile; fileRef = 143BE6AC1BB14BD2009F6496 /* AppDelegate.m */; };
		143BE6B21BB14BE5009F6496 /* WelcomeViewController.m in Sources */ = {isa = PBXBuildFile; fileRef = 143BE6B11BB14BE5009F6496 /* WelcomeViewController.m */; };
		143BE6B51BB56402009F6496 /* RegisterViewController.m in Sources */ = {isa = PBXBuildFile; fileRef = 143BE6B41BB56402009F6496 /* RegisterViewController.m */; };
		143BE6B81BB5640B009F6496 /* LoginViewController.m in Sources */ = {isa = PBXBuildFile; fileRef = 143BE6B71BB5640B009F6496 /* LoginViewController.m */; };
		143BE6BE1BB68E97009F6496 /* MostRidesViewController.m in Sources */ = {isa = PBXBuildFile; fileRef = 143BE6BD1BB68E97009F6496 /* MostRidesViewController.m */; };
		143BE6C11BB68EA5009F6496 /* BestDriversViewController.m in Sources */ = {isa = PBXBuildFile; fileRef = 143BE6C01BB68EA5009F6496 /* BestDriversViewController.m */; };
		143BE6C41BB68F1D009F6496 /* BestDriverCell.m in Sources */ = {isa = PBXBuildFile; fileRef = 143BE6C31BB68F1D009F6496 /* BestDriverCell.m */; };
		143BE6C71BB69327009F6496 /* MostRidesCell.m in Sources */ = {isa = PBXBuildFile; fileRef = 143BE6C61BB69327009F6496 /* MostRidesCell.m */; };
		143BE6D01BB6E001009F6496 /* AdvancedSearchViewController.m in Sources */ = {isa = PBXBuildFile; fileRef = 143BE6CF1BB6E001009F6496 /* AdvancedSearchViewController.m */; };
		143BE6D31BB6E00C009F6496 /* TopRidesViewController.m in Sources */ = {isa = PBXBuildFile; fileRef = 143BE6D21BB6E00C009F6496 /* TopRidesViewController.m */; };
		143BE6D91BB82363009F6496 /* CALayer+RuntimeAttribute.m in Sources */ = {isa = PBXBuildFile; fileRef = 143BE6D81BB82363009F6496 /* CALayer+RuntimeAttribute.m */; };
		143F30DE1BC83C28006A6A21 /* SearchResultsViewController.xib in Resources */ = {isa = PBXBuildFile; fileRef = 143F30DD1BC83C28006A6A21 /* SearchResultsViewController.xib */; };
		143F30E01BC83F70006A6A21 /* Images.xcassets in Resources */ = {isa = PBXBuildFile; fileRef = 143F30DF1BC83F70006A6A21 /* Images.xcassets */; };
		143F30EE1BC8488D006A6A21 /* Localizable.strings in Resources */ = {isa = PBXBuildFile; fileRef = 143F30F01BC8488D006A6A21 /* Localizable.strings */; };
		143F30F41BC85961006A6A21 /* BestDriver.m in Sources */ = {isa = PBXBuildFile; fileRef = 143F30F31BC85961006A6A21 /* BestDriver.m */; };
		143F30F61BC86DE7006A6A21 /* MessageUI.framework in Frameworks */ = {isa = PBXBuildFile; fileRef = 143F30F51BC86DE7006A6A21 /* MessageUI.framework */; };
		143F30F91BC8EF5E006A6A21 /* MostRide.m in Sources */ = {isa = PBXBuildFile; fileRef = 143F30F81BC8EF5E006A6A21 /* MostRide.m */; };
		143F30FA1BC90D15006A6A21 /* SearchViewController.xib in Resources */ = {isa = PBXBuildFile; fileRef = 143F30FC1BC90D15006A6A21 /* SearchViewController.xib */; };
		143F31011BC9F540006A6A21 /* MapLookUp.m in Sources */ = {isa = PBXBuildFile; fileRef = 143F31001BC9F540006A6A21 /* MapLookUp.m */; };
		144869ED1BC0844B00804C26 /* LoginViewController.xib in Resources */ = {isa = PBXBuildFile; fileRef = 144869EF1BC0844B00804C26 /* LoginViewController.xib */; };
		144869FA1BC0968E00804C26 /* QuickSearchViewController.m in Sources */ = {isa = PBXBuildFile; fileRef = 144869F81BC0968E00804C26 /* QuickSearchViewController.m */; };
		144869FB1BC0968E00804C26 /* QuickSearchViewController.xib in Resources */ = {isa = PBXBuildFile; fileRef = 144869F91BC0968E00804C26 /* QuickSearchViewController.xib */; };
		14DA33D11BC5006300078F02 /* RegisterViewController.xib in Resources */ = {isa = PBXBuildFile; fileRef = 14DA33D31BC5006300078F02 /* RegisterViewController.xib */; };
		87A1133B1BB6FB370092E870 /* MobAccountManager.m in Sources */ = {isa = PBXBuildFile; fileRef = 87A1133A1BB6FB370092E870 /* MobAccountManager.m */; };
		87B58B561BD36F7900E73E55 /* MostRideDetails.m in Sources */ = {isa = PBXBuildFile; fileRef = 87B58B551BD36F7900E73E55 /* MostRideDetails.m */; };
		87B58B591BD3842800E73E55 /* Base64.m in Sources */ = {isa = PBXBuildFile; fileRef = 87B58B581BD3842800E73E55 /* Base64.m */; settings = {COMPILER_FLAGS = "-fno-objc-arc"; }; };
		87B58B5D1BD388D100E73E55 /* MapLookupViewController.m in Sources */ = {isa = PBXBuildFile; fileRef = 87B58B5B1BD388D100E73E55 /* MapLookupViewController.m */; };
		87B58B5E1BD388D100E73E55 /* MapLookupViewController.xib in Resources */ = {isa = PBXBuildFile; fileRef = 87B58B5C1BD388D100E73E55 /* MapLookupViewController.xib */; };
		87B58B611BD38DD700E73E55 /* MapItemView.m in Sources */ = {isa = PBXBuildFile; fileRef = 87B58B601BD38DD700E73E55 /* MapItemView.m */; };
		87B58B651BD3983800E73E55 /* MapItemPopupViewController.m in Sources */ = {isa = PBXBuildFile; fileRef = 87B58B631BD3983800E73E55 /* MapItemPopupViewController.m */; };
		87B58B661BD3983800E73E55 /* MapItemPopupViewController.xib in Resources */ = {isa = PBXBuildFile; fileRef = 87B58B641BD3983800E73E55 /* MapItemPopupViewController.xib */; };
		87B58B691BD3B74F00E73E55 /* XOSplashVideoController.m in Sources */ = {isa = PBXBuildFile; fileRef = 87B58B681BD3B74F00E73E55 /* XOSplashVideoController.m */; };
		87B58B6B1BD3BC5D00E73E55 /* Final_Intro.mp4 in Resources */ = {isa = PBXBuildFile; fileRef = 87B58B6A1BD3B7AA00E73E55 /* Final_Intro.mp4 */; };
		87C1AF7F1BB831A300E21838 /* MasterDataManager.m in Sources */ = {isa = PBXBuildFile; fileRef = 87C1AF7E1BB831A300E21838 /* MasterDataManager.m */; };
		87C1AF821BB8325500E21838 /* BaseAPIManager.m in Sources */ = {isa = PBXBuildFile; fileRef = 87C1AF811BB8325500E21838 /* BaseAPIManager.m */; };
		87C1AF861BB8670C00E21838 /* AgeRange.m in Sources */ = {isa = PBXBuildFile; fileRef = 87C1AF851BB8670C00E21838 /* AgeRange.m */; };
		87C571D21BDBB08000EFB618 /* CreateRideViewController.m in Sources */ = {isa = PBXBuildFile; fileRef = 87C571D01BDBB08000EFB618 /* CreateRideViewController.m */; settings = {ASSET_TAGS = (); }; };
		87C571D31BDBB08000EFB618 /* CreateRideViewController.xib in Resources */ = {isa = PBXBuildFile; fileRef = 87C571D11BDBB08000EFB618 /* CreateRideViewController.xib */; settings = {ASSET_TAGS = (); }; };
		87C571D61BDBCCA900EFB618 /* UILabel+Borders.m in Sources */ = {isa = PBXBuildFile; fileRef = 87C571D51BDBCCA900EFB618 /* UILabel+Borders.m */; settings = {ASSET_TAGS = (); }; };
		87C571D91BDBD07700EFB618 /* MobVehicleManager.m in Sources */ = {isa = PBXBuildFile; fileRef = 87C571D81BDBD07700EFB618 /* MobVehicleManager.m */; settings = {ASSET_TAGS = (); }; };
		87C571DC1BDBD33F00EFB618 /* Vehicle.m in Sources */ = {isa = PBXBuildFile; fileRef = 87C571DB1BDBD33F00EFB618 /* Vehicle.m */; settings = {ASSET_TAGS = (); }; };
		F0111D2A36E3A2CF7875CF72 /* libPods.a in Frameworks */ = {isa = PBXBuildFile; fileRef = 072E520A66E22BABE4DD7235 /* libPods.a */; };
/* End PBXBuildFile section */

/* Begin PBXContainerItemProxy section */
		04931B381BAAF815000F5434 /* PBXContainerItemProxy */ = {
			isa = PBXContainerItemProxy;
			containerPortal = 04931B131BAAF814000F5434 /* Project object */;
			proxyType = 1;
			remoteGlobalIDString = 04931B1A1BAAF814000F5434;
			remoteInfo = Sharekni;
		};
/* End PBXContainerItemProxy section */

/* Begin PBXFileReference section */
		0429B1C11BB9C84400161222 /* NSObject+Blocks.h */ = {isa = PBXFileReference; fileEncoding = 4; lastKnownFileType = sourcecode.c.h; path = "NSObject+Blocks.h"; sourceTree = "<group>"; };
		0429B1C21BB9C84400161222 /* NSObject+Blocks.m */ = {isa = PBXFileReference; fileEncoding = 4; lastKnownFileType = sourcecode.c.objc; path = "NSObject+Blocks.m"; sourceTree = "<group>"; };
		0429B1C41BB9DC5F00161222 /* HelpManager.h */ = {isa = PBXFileReference; fileEncoding = 4; lastKnownFileType = sourcecode.c.h; path = HelpManager.h; sourceTree = "<group>"; };
		0429B1C51BB9DC5F00161222 /* HelpManager.m */ = {isa = PBXFileReference; fileEncoding = 4; lastKnownFileType = sourcecode.c.objc; path = HelpManager.m; sourceTree = "<group>"; };
		044ECE911BC08A6000AF3E2D /* SearchResultsViewController.h */ = {isa = PBXFileReference; fileEncoding = 4; lastKnownFileType = sourcecode.c.h; path = SearchResultsViewController.h; sourceTree = "<group>"; };
		044ECE921BC08A6000AF3E2D /* SearchResultsViewController.m */ = {isa = PBXFileReference; fileEncoding = 4; lastKnownFileType = sourcecode.c.objc; path = SearchResultsViewController.m; sourceTree = "<group>"; };
		044ECE961BC08A8000AF3E2D /* SearchResultCell.h */ = {isa = PBXFileReference; fileEncoding = 4; lastKnownFileType = sourcecode.c.h; path = SearchResultCell.h; sourceTree = "<group>"; };
		044ECE971BC08A8000AF3E2D /* SearchResultCell.m */ = {isa = PBXFileReference; fileEncoding = 4; lastKnownFileType = sourcecode.c.objc; path = SearchResultCell.m; sourceTree = "<group>"; };
		044ECE981BC08A8000AF3E2D /* SearchResultCell.xib */ = {isa = PBXFileReference; fileEncoding = 4; lastKnownFileType = file.xib; path = SearchResultCell.xib; sourceTree = "<group>"; };
		047E454E1BC0960F000B5151 /* SearchViewController.h */ = {isa = PBXFileReference; fileEncoding = 4; lastKnownFileType = sourcecode.c.h; path = SearchViewController.h; sourceTree = "<group>"; };
		047E454F1BC0960F000B5151 /* SearchViewController.m */ = {isa = PBXFileReference; fileEncoding = 4; lastKnownFileType = sourcecode.c.objc; path = SearchViewController.m; sourceTree = "<group>"; };
		047E45561BC09F3B000B5151 /* AdvancedSearchViewController.xib */ = {isa = PBXFileReference; fileEncoding = 4; lastKnownFileType = file.xib; path = AdvancedSearchViewController.xib; sourceTree = "<group>"; };
		047E45581BC5831D000B5151 /* PickupLocationView.h */ = {isa = PBXFileReference; fileEncoding = 4; lastKnownFileType = sourcecode.c.h; path = PickupLocationView.h; sourceTree = "<group>"; };
		047E45591BC5831D000B5151 /* PickupLocationView.m */ = {isa = PBXFileReference; fileEncoding = 4; lastKnownFileType = sourcecode.c.objc; path = PickupLocationView.m; sourceTree = "<group>"; };
		047E455B1BC58330000B5151 /* PickupLocationView.xib */ = {isa = PBXFileReference; fileEncoding = 4; lastKnownFileType = file.xib; path = PickupLocationView.xib; sourceTree = "<group>"; };
		047E45801BC59DE0000B5151 /* SelectLocationViewController.h */ = {isa = PBXFileReference; fileEncoding = 4; lastKnownFileType = sourcecode.c.h; path = SelectLocationViewController.h; sourceTree = "<group>"; };
		047E45811BC59DE0000B5151 /* SelectLocationViewController.m */ = {isa = PBXFileReference; fileEncoding = 4; lastKnownFileType = sourcecode.c.objc; path = SelectLocationViewController.m; sourceTree = "<group>"; };
		047E45821BC59DE0000B5151 /* SelectLocationViewController.xib */ = {isa = PBXFileReference; fileEncoding = 4; lastKnownFileType = file.xib; path = SelectLocationViewController.xib; sourceTree = "<group>"; };
		047E45861BC5A4D8000B5151 /* MLPAutoCompleteTextField.h */ = {isa = PBXFileReference; fileEncoding = 4; lastKnownFileType = sourcecode.c.h; path = MLPAutoCompleteTextField.h; sourceTree = "<group>"; };
		047E45871BC5A4D8000B5151 /* MLPAutoCompleteTextField.m */ = {isa = PBXFileReference; fileEncoding = 4; lastKnownFileType = sourcecode.c.objc; path = MLPAutoCompleteTextField.m; sourceTree = "<group>"; };
		047E45881BC5A4D8000B5151 /* MLPAutoCompleteTextFieldDataSource.h */ = {isa = PBXFileReference; fileEncoding = 4; lastKnownFileType = sourcecode.c.h; path = MLPAutoCompleteTextFieldDataSource.h; sourceTree = "<group>"; };
		047E45891BC5A4D8000B5151 /* MLPAutoCompleteTextFieldDelegate.h */ = {isa = PBXFileReference; fileEncoding = 4; lastKnownFileType = sourcecode.c.h; path = MLPAutoCompleteTextFieldDelegate.h; sourceTree = "<group>"; };
		047E458A1BC5A4D8000B5151 /* MLPAutoCompletionObject.h */ = {isa = PBXFileReference; fileEncoding = 4; lastKnownFileType = sourcecode.c.h; path = MLPAutoCompletionObject.h; sourceTree = "<group>"; };
		047E458B1BC5A4D8000B5151 /* NSString+Levenshtein.h */ = {isa = PBXFileReference; fileEncoding = 4; lastKnownFileType = sourcecode.c.h; path = "NSString+Levenshtein.h"; sourceTree = "<group>"; };
		047E458C1BC5A4D8000B5151 /* NSString+Levenshtein.m */ = {isa = PBXFileReference; fileEncoding = 4; lastKnownFileType = sourcecode.c.objc; path = "NSString+Levenshtein.m"; sourceTree = "<group>"; };
		047E458F1BC63686000B5151 /* MobDriverManager.h */ = {isa = PBXFileReference; fileEncoding = 4; lastKnownFileType = sourcecode.c.h; path = MobDriverManager.h; sourceTree = "<group>"; };
		047E45901BC63686000B5151 /* MobDriverManager.m */ = {isa = PBXFileReference; fileEncoding = 4; lastKnownFileType = sourcecode.c.objc; path = MobDriverManager.m; sourceTree = "<group>"; };
		047E45921BC63C99000B5151 /* DriverSearchResult.h */ = {isa = PBXFileReference; fileEncoding = 4; lastKnownFileType = sourcecode.c.h; path = DriverSearchResult.h; sourceTree = "<group>"; };
		047E45931BC63C99000B5151 /* DriverSearchResult.m */ = {isa = PBXFileReference; fileEncoding = 4; lastKnownFileType = sourcecode.c.objc; path = DriverSearchResult.m; sourceTree = "<group>"; };
		0489129C1BB92150005E4E02 /* Nationality.h */ = {isa = PBXFileReference; fileEncoding = 4; lastKnownFileType = sourcecode.c.h; path = Nationality.h; sourceTree = "<group>"; };
		0489129D1BB92150005E4E02 /* Nationality.m */ = {isa = PBXFileReference; fileEncoding = 4; lastKnownFileType = sourcecode.c.objc; path = Nationality.m; sourceTree = "<group>"; };
		0489129F1BB922A2005E4E02 /* TermsAndCondition.h */ = {isa = PBXFileReference; fileEncoding = 4; lastKnownFileType = sourcecode.c.h; path = TermsAndCondition.h; sourceTree = "<group>"; };
		048912A01BB922A2005E4E02 /* TermsAndCondition.m */ = {isa = PBXFileReference; fileEncoding = 4; lastKnownFileType = sourcecode.c.objc; path = TermsAndCondition.m; sourceTree = "<group>"; };
		048912A21BB92458005E4E02 /* Language.h */ = {isa = PBXFileReference; fileEncoding = 4; lastKnownFileType = sourcecode.c.h; path = Language.h; sourceTree = "<group>"; };
		048912A31BB92458005E4E02 /* Language.m */ = {isa = PBXFileReference; fileEncoding = 4; lastKnownFileType = sourcecode.c.objc; path = Language.m; sourceTree = "<group>"; };
		048912A51BB92539005E4E02 /* Employer.h */ = {isa = PBXFileReference; fileEncoding = 4; lastKnownFileType = sourcecode.c.h; path = Employer.h; sourceTree = "<group>"; };
		048912A61BB92539005E4E02 /* Employer.m */ = {isa = PBXFileReference; fileEncoding = 4; lastKnownFileType = sourcecode.c.objc; path = Employer.m; sourceTree = "<group>"; };
		048912A81BB92609005E4E02 /* Emirate.h */ = {isa = PBXFileReference; fileEncoding = 4; lastKnownFileType = sourcecode.c.h; path = Emirate.h; sourceTree = "<group>"; };
		048912A91BB92609005E4E02 /* Emirate.m */ = {isa = PBXFileReference; fileEncoding = 4; lastKnownFileType = sourcecode.c.objc; path = Emirate.m; sourceTree = "<group>"; };
		048912AB1BB926A6005E4E02 /* Region.h */ = {isa = PBXFileReference; fileEncoding = 4; lastKnownFileType = sourcecode.c.h; path = Region.h; sourceTree = "<group>"; };
		048912AC1BB926A6005E4E02 /* Region.m */ = {isa = PBXFileReference; fileEncoding = 4; lastKnownFileType = sourcecode.c.objc; path = Region.m; sourceTree = "<group>"; };
		048912AE1BB933B8005E4E02 /* User.h */ = {isa = PBXFileReference; fileEncoding = 4; lastKnownFileType = sourcecode.c.h; path = User.h; sourceTree = "<group>"; };
		048912AF1BB933B8005E4E02 /* User.m */ = {isa = PBXFileReference; fileEncoding = 4; lastKnownFileType = sourcecode.c.objc; path = User.m; sourceTree = "<group>"; };
		04931B1B1BAAF814000F5434 /* Sharekni.app */ = {isa = PBXFileReference; explicitFileType = wrapper.application; includeInIndex = 0; path = Sharekni.app; sourceTree = BUILT_PRODUCTS_DIR; };
		04931B1F1BAAF814000F5434 /* Info.plist */ = {isa = PBXFileReference; lastKnownFileType = text.plist.xml; path = Info.plist; sourceTree = "<group>"; };
		04931B201BAAF814000F5434 /* main.m */ = {isa = PBXFileReference; lastKnownFileType = sourcecode.c.objc; path = main.m; sourceTree = "<group>"; };
		04931B261BAAF814000F5434 /* Sharekni.xcdatamodel */ = {isa = PBXFileReference; lastKnownFileType = wrapper.xcdatamodel; path = Sharekni.xcdatamodel; sourceTree = "<group>"; };
		04931B2C1BAAF814000F5434 /* Base */ = {isa = PBXFileReference; lastKnownFileType = file.storyboard; name = Base; path = Base.lproj/Main.storyboard; sourceTree = "<group>"; };
		04931B311BAAF814000F5434 /* Base */ = {isa = PBXFileReference; lastKnownFileType = file.xib; name = Base; path = Base.lproj/LaunchScreen.xib; sourceTree = "<group>"; };
		04931B371BAAF815000F5434 /* SharekniTests.xctest */ = {isa = PBXFileReference; explicitFileType = wrapper.cfbundle; includeInIndex = 0; path = SharekniTests.xctest; sourceTree = BUILT_PRODUCTS_DIR; };
		04931B3C1BAAF815000F5434 /* Info.plist */ = {isa = PBXFileReference; lastKnownFileType = text.plist.xml; path = Info.plist; sourceTree = "<group>"; };
		04931B3D1BAAF815000F5434 /* SharekniTests.m */ = {isa = PBXFileReference; lastKnownFileType = sourcecode.c.objc; path = SharekniTests.m; sourceTree = "<group>"; };
		072E520A66E22BABE4DD7235 /* libPods.a */ = {isa = PBXFileReference; explicitFileType = archive.ar; includeInIndex = 0; path = libPods.a; sourceTree = BUILT_PRODUCTS_DIR; };
		143BE6AB1BB14BD2009F6496 /* AppDelegate.h */ = {isa = PBXFileReference; fileEncoding = 4; lastKnownFileType = sourcecode.c.h; path = AppDelegate.h; sourceTree = "<group>"; };
		143BE6AC1BB14BD2009F6496 /* AppDelegate.m */ = {isa = PBXFileReference; fileEncoding = 4; lastKnownFileType = sourcecode.c.objc; path = AppDelegate.m; sourceTree = "<group>"; };
		143BE6B01BB14BE5009F6496 /* WelcomeViewController.h */ = {isa = PBXFileReference; fileEncoding = 4; lastKnownFileType = sourcecode.c.h; path = WelcomeViewController.h; sourceTree = "<group>"; };
		143BE6B11BB14BE5009F6496 /* WelcomeViewController.m */ = {isa = PBXFileReference; fileEncoding = 4; lastKnownFileType = sourcecode.c.objc; path = WelcomeViewController.m; sourceTree = "<group>"; };
		143BE6B31BB56402009F6496 /* RegisterViewController.h */ = {isa = PBXFileReference; fileEncoding = 4; lastKnownFileType = sourcecode.c.h; path = RegisterViewController.h; sourceTree = "<group>"; };
		143BE6B41BB56402009F6496 /* RegisterViewController.m */ = {isa = PBXFileReference; fileEncoding = 4; lastKnownFileType = sourcecode.c.objc; path = RegisterViewController.m; sourceTree = "<group>"; };
		143BE6B61BB5640B009F6496 /* LoginViewController.h */ = {isa = PBXFileReference; fileEncoding = 4; lastKnownFileType = sourcecode.c.h; path = LoginViewController.h; sourceTree = "<group>"; };
		143BE6B71BB5640B009F6496 /* LoginViewController.m */ = {isa = PBXFileReference; fileEncoding = 4; lastKnownFileType = sourcecode.c.objc; path = LoginViewController.m; sourceTree = "<group>"; };
		143BE6B91BB5779E009F6496 /* Sharekni.pch */ = {isa = PBXFileReference; lastKnownFileType = sourcecode.c.h; path = Sharekni.pch; sourceTree = "<group>"; };
		143BE6BC1BB68E97009F6496 /* MostRidesViewController.h */ = {isa = PBXFileReference; fileEncoding = 4; lastKnownFileType = sourcecode.c.h; path = MostRidesViewController.h; sourceTree = "<group>"; };
		143BE6BD1BB68E97009F6496 /* MostRidesViewController.m */ = {isa = PBXFileReference; fileEncoding = 4; lastKnownFileType = sourcecode.c.objc; path = MostRidesViewController.m; sourceTree = "<group>"; };
		143BE6BF1BB68EA5009F6496 /* BestDriversViewController.h */ = {isa = PBXFileReference; fileEncoding = 4; lastKnownFileType = sourcecode.c.h; path = BestDriversViewController.h; sourceTree = "<group>"; };
		143BE6C01BB68EA5009F6496 /* BestDriversViewController.m */ = {isa = PBXFileReference; fileEncoding = 4; lastKnownFileType = sourcecode.c.objc; path = BestDriversViewController.m; sourceTree = "<group>"; };
		143BE6C21BB68F1D009F6496 /* BestDriverCell.h */ = {isa = PBXFileReference; fileEncoding = 4; lastKnownFileType = sourcecode.c.h; path = BestDriverCell.h; sourceTree = "<group>"; };
		143BE6C31BB68F1D009F6496 /* BestDriverCell.m */ = {isa = PBXFileReference; fileEncoding = 4; lastKnownFileType = sourcecode.c.objc; path = BestDriverCell.m; sourceTree = "<group>"; };
		143BE6C51BB69327009F6496 /* MostRidesCell.h */ = {isa = PBXFileReference; fileEncoding = 4; lastKnownFileType = sourcecode.c.h; path = MostRidesCell.h; sourceTree = "<group>"; };
		143BE6C61BB69327009F6496 /* MostRidesCell.m */ = {isa = PBXFileReference; fileEncoding = 4; lastKnownFileType = sourcecode.c.objc; path = MostRidesCell.m; sourceTree = "<group>"; };
		143BE6CE1BB6E001009F6496 /* AdvancedSearchViewController.h */ = {isa = PBXFileReference; fileEncoding = 4; lastKnownFileType = sourcecode.c.h; path = AdvancedSearchViewController.h; sourceTree = "<group>"; };
		143BE6CF1BB6E001009F6496 /* AdvancedSearchViewController.m */ = {isa = PBXFileReference; fileEncoding = 4; lastKnownFileType = sourcecode.c.objc; path = AdvancedSearchViewController.m; sourceTree = "<group>"; };
		143BE6D11BB6E00C009F6496 /* TopRidesViewController.h */ = {isa = PBXFileReference; fileEncoding = 4; lastKnownFileType = sourcecode.c.h; path = TopRidesViewController.h; sourceTree = "<group>"; };
		143BE6D21BB6E00C009F6496 /* TopRidesViewController.m */ = {isa = PBXFileReference; fileEncoding = 4; lastKnownFileType = sourcecode.c.objc; path = TopRidesViewController.m; sourceTree = "<group>"; };
		143BE6D71BB82363009F6496 /* CALayer+RuntimeAttribute.h */ = {isa = PBXFileReference; fileEncoding = 4; lastKnownFileType = sourcecode.c.h; path = "CALayer+RuntimeAttribute.h"; sourceTree = "<group>"; };
		143BE6D81BB82363009F6496 /* CALayer+RuntimeAttribute.m */ = {isa = PBXFileReference; fileEncoding = 4; lastKnownFileType = sourcecode.c.objc; path = "CALayer+RuntimeAttribute.m"; sourceTree = "<group>"; };
		143F30DD1BC83C28006A6A21 /* SearchResultsViewController.xib */ = {isa = PBXFileReference; fileEncoding = 4; lastKnownFileType = file.xib; path = SearchResultsViewController.xib; sourceTree = "<group>"; };
		143F30DF1BC83F70006A6A21 /* Images.xcassets */ = {isa = PBXFileReference; lastKnownFileType = folder.assetcatalog; path = Images.xcassets; sourceTree = "<group>"; };
		143F30E31BC84645006A6A21 /* ar */ = {isa = PBXFileReference; lastKnownFileType = text.plist.strings; name = ar; path = ar.lproj/Main.strings; sourceTree = "<group>"; };
		143F30E41BC84645006A6A21 /* ar */ = {isa = PBXFileReference; lastKnownFileType = text.plist.strings; name = ar; path = ar.lproj/LaunchScreen.strings; sourceTree = "<group>"; };
		143F30E51BC84645006A6A21 /* ar */ = {isa = PBXFileReference; lastKnownFileType = file.xib; name = ar; path = ar.lproj/LoginViewController.xib; sourceTree = "<group>"; };
		143F30E61BC84645006A6A21 /* ar */ = {isa = PBXFileReference; lastKnownFileType = file.xib; name = ar; path = ar.lproj/RegisterViewController.xib; sourceTree = "<group>"; };
		143F30EF1BC8488D006A6A21 /* en */ = {isa = PBXFileReference; lastKnownFileType = text.plist.strings; name = en; path = en.lproj/Localizable.strings; sourceTree = "<group>"; };
		143F30F11BC84893006A6A21 /* ar */ = {isa = PBXFileReference; lastKnownFileType = text.plist.strings; name = ar; path = ar.lproj/Localizable.strings; sourceTree = "<group>"; };
		143F30F21BC85961006A6A21 /* BestDriver.h */ = {isa = PBXFileReference; fileEncoding = 4; lastKnownFileType = sourcecode.c.h; path = BestDriver.h; sourceTree = "<group>"; };
		143F30F31BC85961006A6A21 /* BestDriver.m */ = {isa = PBXFileReference; fileEncoding = 4; lastKnownFileType = sourcecode.c.objc; path = BestDriver.m; sourceTree = "<group>"; };
		143F30F51BC86DE7006A6A21 /* MessageUI.framework */ = {isa = PBXFileReference; lastKnownFileType = wrapper.framework; name = MessageUI.framework; path = System/Library/Frameworks/MessageUI.framework; sourceTree = SDKROOT; };
		143F30F71BC8EF5E006A6A21 /* MostRide.h */ = {isa = PBXFileReference; fileEncoding = 4; lastKnownFileType = sourcecode.c.h; path = MostRide.h; sourceTree = "<group>"; };
		143F30F81BC8EF5E006A6A21 /* MostRide.m */ = {isa = PBXFileReference; fileEncoding = 4; lastKnownFileType = sourcecode.c.objc; path = MostRide.m; sourceTree = "<group>"; };
		143F30FB1BC90D15006A6A21 /* en */ = {isa = PBXFileReference; lastKnownFileType = file.xib; name = en; path = en.lproj/SearchViewController.xib; sourceTree = "<group>"; };
		143F30FE1BC90D19006A6A21 /* ar */ = {isa = PBXFileReference; lastKnownFileType = text.plist.strings; name = ar; path = ar.lproj/SearchViewController.strings; sourceTree = "<group>"; };
		143F30FF1BC9F540006A6A21 /* MapLookUp.h */ = {isa = PBXFileReference; fileEncoding = 4; lastKnownFileType = sourcecode.c.h; path = MapLookUp.h; sourceTree = "<group>"; };
		143F31001BC9F540006A6A21 /* MapLookUp.m */ = {isa = PBXFileReference; fileEncoding = 4; lastKnownFileType = sourcecode.c.objc; path = MapLookUp.m; sourceTree = "<group>"; };
		144869EE1BC0844B00804C26 /* en */ = {isa = PBXFileReference; lastKnownFileType = file.xib; name = en; path = en.lproj/LoginViewController.xib; sourceTree = "<group>"; };
		144869F71BC0968E00804C26 /* QuickSearchViewController.h */ = {isa = PBXFileReference; fileEncoding = 4; lastKnownFileType = sourcecode.c.h; path = QuickSearchViewController.h; sourceTree = "<group>"; };
		144869F81BC0968E00804C26 /* QuickSearchViewController.m */ = {isa = PBXFileReference; fileEncoding = 4; lastKnownFileType = sourcecode.c.objc; path = QuickSearchViewController.m; sourceTree = "<group>"; };
		144869F91BC0968E00804C26 /* QuickSearchViewController.xib */ = {isa = PBXFileReference; fileEncoding = 4; lastKnownFileType = file.xib; path = QuickSearchViewController.xib; sourceTree = "<group>"; };
		14DA33D21BC5006300078F02 /* en */ = {isa = PBXFileReference; lastKnownFileType = file.xib; name = en; path = en.lproj/RegisterViewController.xib; sourceTree = "<group>"; };
		33EF369DCE24017837965426 /* Pods.debug.xcconfig */ = {isa = PBXFileReference; includeInIndex = 1; lastKnownFileType = text.xcconfig; name = Pods.debug.xcconfig; path = "Pods/Target Support Files/Pods/Pods.debug.xcconfig"; sourceTree = "<group>"; };
		87A113381BB6FAC70092E870 /* SynthesizeSingleton.h */ = {isa = PBXFileReference; fileEncoding = 4; lastKnownFileType = sourcecode.c.h; path = SynthesizeSingleton.h; sourceTree = "<group>"; };
		87A113391BB6FB370092E870 /* MobAccountManager.h */ = {isa = PBXFileReference; fileEncoding = 4; lastKnownFileType = sourcecode.c.h; path = MobAccountManager.h; sourceTree = "<group>"; };
		87A1133A1BB6FB370092E870 /* MobAccountManager.m */ = {isa = PBXFileReference; fileEncoding = 4; lastKnownFileType = sourcecode.c.objc; path = MobAccountManager.m; sourceTree = "<group>"; };
		87A1133C1BB6FD230092E870 /* Constants.h */ = {isa = PBXFileReference; lastKnownFileType = sourcecode.c.h; path = Constants.h; sourceTree = "<group>"; };
		87B58B541BD36F7900E73E55 /* MostRideDetails.h */ = {isa = PBXFileReference; fileEncoding = 4; lastKnownFileType = sourcecode.c.h; path = MostRideDetails.h; sourceTree = "<group>"; };
		87B58B551BD36F7900E73E55 /* MostRideDetails.m */ = {isa = PBXFileReference; fileEncoding = 4; lastKnownFileType = sourcecode.c.objc; path = MostRideDetails.m; sourceTree = "<group>"; };
		87B58B571BD3842800E73E55 /* Base64.h */ = {isa = PBXFileReference; fileEncoding = 4; lastKnownFileType = sourcecode.c.h; path = Base64.h; sourceTree = "<group>"; };
		87B58B581BD3842800E73E55 /* Base64.m */ = {isa = PBXFileReference; fileEncoding = 4; lastKnownFileType = sourcecode.c.objc; path = Base64.m; sourceTree = "<group>"; };
		87B58B5A1BD388D100E73E55 /* MapLookupViewController.h */ = {isa = PBXFileReference; fileEncoding = 4; lastKnownFileType = sourcecode.c.h; path = MapLookupViewController.h; sourceTree = "<group>"; };
		87B58B5B1BD388D100E73E55 /* MapLookupViewController.m */ = {isa = PBXFileReference; fileEncoding = 4; lastKnownFileType = sourcecode.c.objc; path = MapLookupViewController.m; sourceTree = "<group>"; };
		87B58B5C1BD388D100E73E55 /* MapLookupViewController.xib */ = {isa = PBXFileReference; fileEncoding = 4; lastKnownFileType = file.xib; path = MapLookupViewController.xib; sourceTree = "<group>"; };
		87B58B5F1BD38DD700E73E55 /* MapItemView.h */ = {isa = PBXFileReference; fileEncoding = 4; lastKnownFileType = sourcecode.c.h; path = MapItemView.h; sourceTree = "<group>"; };
		87B58B601BD38DD700E73E55 /* MapItemView.m */ = {isa = PBXFileReference; fileEncoding = 4; lastKnownFileType = sourcecode.c.objc; path = MapItemView.m; sourceTree = "<group>"; };
		87B58B621BD3983800E73E55 /* MapItemPopupViewController.h */ = {isa = PBXFileReference; fileEncoding = 4; lastKnownFileType = sourcecode.c.h; path = MapItemPopupViewController.h; sourceTree = "<group>"; };
		87B58B631BD3983800E73E55 /* MapItemPopupViewController.m */ = {isa = PBXFileReference; fileEncoding = 4; lastKnownFileType = sourcecode.c.objc; path = MapItemPopupViewController.m; sourceTree = "<group>"; };
		87B58B641BD3983800E73E55 /* MapItemPopupViewController.xib */ = {isa = PBXFileReference; fileEncoding = 4; lastKnownFileType = file.xib; path = MapItemPopupViewController.xib; sourceTree = "<group>"; };
		87B58B671BD3B74E00E73E55 /* XOSplashVideoController.h */ = {isa = PBXFileReference; fileEncoding = 4; lastKnownFileType = sourcecode.c.h; path = XOSplashVideoController.h; sourceTree = "<group>"; };
		87B58B681BD3B74F00E73E55 /* XOSplashVideoController.m */ = {isa = PBXFileReference; fileEncoding = 4; lastKnownFileType = sourcecode.c.objc; path = XOSplashVideoController.m; sourceTree = "<group>"; };
		87B58B6A1BD3B7AA00E73E55 /* Final_Intro.mp4 */ = {isa = PBXFileReference; lastKnownFileType = file; path = Final_Intro.mp4; sourceTree = "<group>"; };
		87C1AF7D1BB831A300E21838 /* MasterDataManager.h */ = {isa = PBXFileReference; fileEncoding = 4; lastKnownFileType = sourcecode.c.h; path = MasterDataManager.h; sourceTree = "<group>"; };
		87C1AF7E1BB831A300E21838 /* MasterDataManager.m */ = {isa = PBXFileReference; fileEncoding = 4; lastKnownFileType = sourcecode.c.objc; path = MasterDataManager.m; sourceTree = "<group>"; };
		87C1AF801BB8325500E21838 /* BaseAPIManager.h */ = {isa = PBXFileReference; fileEncoding = 4; lastKnownFileType = sourcecode.c.h; path = BaseAPIManager.h; sourceTree = "<group>"; };
		87C1AF811BB8325500E21838 /* BaseAPIManager.m */ = {isa = PBXFileReference; fileEncoding = 4; lastKnownFileType = sourcecode.c.objc; path = BaseAPIManager.m; sourceTree = "<group>"; };
		87C1AF841BB8670C00E21838 /* AgeRange.h */ = {isa = PBXFileReference; fileEncoding = 4; lastKnownFileType = sourcecode.c.h; path = AgeRange.h; sourceTree = "<group>"; };
		87C1AF851BB8670C00E21838 /* AgeRange.m */ = {isa = PBXFileReference; fileEncoding = 4; lastKnownFileType = sourcecode.c.objc; path = AgeRange.m; sourceTree = "<group>"; };
		87C571CF1BDBB07F00EFB618 /* CreateRideViewController.h */ = {isa = PBXFileReference; fileEncoding = 4; lastKnownFileType = sourcecode.c.h; path = CreateRideViewController.h; sourceTree = "<group>"; };
		87C571D01BDBB08000EFB618 /* CreateRideViewController.m */ = {isa = PBXFileReference; fileEncoding = 4; lastKnownFileType = sourcecode.c.objc; path = CreateRideViewController.m; sourceTree = "<group>"; };
		87C571D11BDBB08000EFB618 /* CreateRideViewController.xib */ = {isa = PBXFileReference; fileEncoding = 4; lastKnownFileType = file.xib; path = CreateRideViewController.xib; sourceTree = "<group>"; };
		87C571D41BDBCCA900EFB618 /* UILabel+Borders.h */ = {isa = PBXFileReference; fileEncoding = 4; lastKnownFileType = sourcecode.c.h; path = "UILabel+Borders.h"; sourceTree = "<group>"; };
		87C571D51BDBCCA900EFB618 /* UILabel+Borders.m */ = {isa = PBXFileReference; fileEncoding = 4; lastKnownFileType = sourcecode.c.objc; path = "UILabel+Borders.m"; sourceTree = "<group>"; };
		87C571D71BDBD07700EFB618 /* MobVehicleManager.h */ = {isa = PBXFileReference; fileEncoding = 4; lastKnownFileType = sourcecode.c.h; path = MobVehicleManager.h; sourceTree = "<group>"; };
		87C571D81BDBD07700EFB618 /* MobVehicleManager.m */ = {isa = PBXFileReference; fileEncoding = 4; lastKnownFileType = sourcecode.c.objc; path = MobVehicleManager.m; sourceTree = "<group>"; };
		87C571DA1BDBD33F00EFB618 /* Vehicle.h */ = {isa = PBXFileReference; fileEncoding = 4; lastKnownFileType = sourcecode.c.h; path = Vehicle.h; sourceTree = "<group>"; };
		87C571DB1BDBD33F00EFB618 /* Vehicle.m */ = {isa = PBXFileReference; fileEncoding = 4; lastKnownFileType = sourcecode.c.objc; path = Vehicle.m; sourceTree = "<group>"; };
		C699F720BCBF8D46B41E1A56 /* Pods.release.xcconfig */ = {isa = PBXFileReference; includeInIndex = 1; lastKnownFileType = text.xcconfig; name = Pods.release.xcconfig; path = "Pods/Target Support Files/Pods/Pods.release.xcconfig"; sourceTree = "<group>"; };
/* End PBXFileReference section */

/* Begin PBXFrameworksBuildPhase section */
		04931B181BAAF814000F5434 /* Frameworks */ = {
			isa = PBXFrameworksBuildPhase;
			buildActionMask = 2147483647;
			files = (
				143F30F61BC86DE7006A6A21 /* MessageUI.framework in Frameworks */,
				F0111D2A36E3A2CF7875CF72 /* libPods.a in Frameworks */,
			);
			runOnlyForDeploymentPostprocessing = 0;
		};
		04931B341BAAF815000F5434 /* Frameworks */ = {
			isa = PBXFrameworksBuildPhase;
			buildActionMask = 2147483647;
			files = (
			);
			runOnlyForDeploymentPostprocessing = 0;
		};
/* End PBXFrameworksBuildPhase section */

/* Begin PBXGroup section */
		047E455D1BC59C4C000B5151 /* Components */ = {
			isa = PBXGroup;
			children = (
				047E45851BC5A4D8000B5151 /* MLPAutoCompleteTextField */,
			);
			path = Components;
			sourceTree = "<group>";
		};
		047E45851BC5A4D8000B5151 /* MLPAutoCompleteTextField */ = {
			isa = PBXGroup;
			children = (
				047E45861BC5A4D8000B5151 /* MLPAutoCompleteTextField.h */,
				047E45871BC5A4D8000B5151 /* MLPAutoCompleteTextField.m */,
				047E45881BC5A4D8000B5151 /* MLPAutoCompleteTextFieldDataSource.h */,
				047E45891BC5A4D8000B5151 /* MLPAutoCompleteTextFieldDelegate.h */,
				047E458A1BC5A4D8000B5151 /* MLPAutoCompletionObject.h */,
				047E458B1BC5A4D8000B5151 /* NSString+Levenshtein.h */,
				047E458C1BC5A4D8000B5151 /* NSString+Levenshtein.m */,
			);
			path = MLPAutoCompleteTextField;
			sourceTree = "<group>";
		};
		04931B121BAAF814000F5434 = {
			isa = PBXGroup;
			children = (
				04931B1D1BAAF814000F5434 /* Sharekni */,
				04931B3A1BAAF815000F5434 /* SharekniTests */,
				04931B1C1BAAF814000F5434 /* Products */,
				CF95CB2E9D399F32CE70C8F6 /* Pods */,
				EB0896A2D090EB584EC82226 /* Frameworks */,
			);
			sourceTree = "<group>";
		};
		04931B1C1BAAF814000F5434 /* Products */ = {
			isa = PBXGroup;
			children = (
				04931B1B1BAAF814000F5434 /* Sharekni.app */,
				04931B371BAAF815000F5434 /* SharekniTests.xctest */,
			);
			name = Products;
			sourceTree = "<group>";
		};
		04931B1D1BAAF814000F5434 /* Sharekni */ = {
			isa = PBXGroup;
			children = (
				87B58B6A1BD3B7AA00E73E55 /* Final_Intro.mp4 */,
				143F30DF1BC83F70006A6A21 /* Images.xcassets */,
				143BE6A71BB14BD2009F6496 /* Classes */,
				04931B2B1BAAF814000F5434 /* Main.storyboard */,
				04931B301BAAF814000F5434 /* LaunchScreen.xib */,
				04931B251BAAF814000F5434 /* Sharekni.xcdatamodeld */,
				04931B1E1BAAF814000F5434 /* Supporting Files */,
				87A1133C1BB6FD230092E870 /* Constants.h */,
			);
			path = Sharekni;
			sourceTree = "<group>";
		};
		04931B1E1BAAF814000F5434 /* Supporting Files */ = {
			isa = PBXGroup;
			children = (
				04931B1F1BAAF814000F5434 /* Info.plist */,
				04931B201BAAF814000F5434 /* main.m */,
				143BE6B91BB5779E009F6496 /* Sharekni.pch */,
				143F30F01BC8488D006A6A21 /* Localizable.strings */,
			);
			name = "Supporting Files";
			sourceTree = "<group>";
		};
		04931B3A1BAAF815000F5434 /* SharekniTests */ = {
			isa = PBXGroup;
			children = (
				04931B3D1BAAF815000F5434 /* SharekniTests.m */,
				04931B3B1BAAF815000F5434 /* Supporting Files */,
			);
			path = SharekniTests;
			sourceTree = "<group>";
		};
		04931B3B1BAAF815000F5434 /* Supporting Files */ = {
			isa = PBXGroup;
			children = (
				04931B3C1BAAF815000F5434 /* Info.plist */,
			);
			name = "Supporting Files";
			sourceTree = "<group>";
		};
		143BE6A71BB14BD2009F6496 /* Classes */ = {
			isa = PBXGroup;
			children = (
				87B58B571BD3842800E73E55 /* Base64.h */,
				87B58B581BD3842800E73E55 /* Base64.m */,
				047E455D1BC59C4C000B5151 /* Components */,
				87C1AF831BB866DC00E21838 /* Models */,
				143BE6A81BB14BD2009F6496 /* Controllers */,
				143BE6A91BB14BD2009F6496 /* CustomViews */,
				143BE6AA1BB14BD2009F6496 /* Delegate */,
				143BE6AD1BB14BD2009F6496 /* Helper */,
				143BE6AE1BB14BD2009F6496 /* Views */,
				0429B1C11BB9C84400161222 /* NSObject+Blocks.h */,
				0429B1C21BB9C84400161222 /* NSObject+Blocks.m */,
				0429B1C41BB9DC5F00161222 /* HelpManager.h */,
				0429B1C51BB9DC5F00161222 /* HelpManager.m */,
			);
			path = Classes;
			sourceTree = "<group>";
		};
		143BE6A81BB14BD2009F6496 /* Controllers */ = {
			isa = PBXGroup;
			children = (
				87B58B671BD3B74E00E73E55 /* XOSplashVideoController.h */,
				87B58B681BD3B74F00E73E55 /* XOSplashVideoController.m */,
				143BE6B01BB14BE5009F6496 /* WelcomeViewController.h */,
				143BE6B11BB14BE5009F6496 /* WelcomeViewController.m */,
				143BE6B61BB5640B009F6496 /* LoginViewController.h */,
				143BE6B71BB5640B009F6496 /* LoginViewController.m */,
				144869EF1BC0844B00804C26 /* LoginViewController.xib */,
				143BE6B31BB56402009F6496 /* RegisterViewController.h */,
				143BE6B41BB56402009F6496 /* RegisterViewController.m */,
				14DA33D31BC5006300078F02 /* RegisterViewController.xib */,
				143BE6BC1BB68E97009F6496 /* MostRidesViewController.h */,
				143BE6BD1BB68E97009F6496 /* MostRidesViewController.m */,
				143BE6BF1BB68EA5009F6496 /* BestDriversViewController.h */,
				143BE6C01BB68EA5009F6496 /* BestDriversViewController.m */,
				047E454E1BC0960F000B5151 /* SearchViewController.h */,
				047E454F1BC0960F000B5151 /* SearchViewController.m */,
				143F30FC1BC90D15006A6A21 /* SearchViewController.xib */,
				144869F71BC0968E00804C26 /* QuickSearchViewController.h */,
				144869F81BC0968E00804C26 /* QuickSearchViewController.m */,
				144869F91BC0968E00804C26 /* QuickSearchViewController.xib */,
				143BE6CE1BB6E001009F6496 /* AdvancedSearchViewController.h */,
				143BE6CF1BB6E001009F6496 /* AdvancedSearchViewController.m */,
				047E45561BC09F3B000B5151 /* AdvancedSearchViewController.xib */,
				143BE6D11BB6E00C009F6496 /* TopRidesViewController.h */,
				143BE6D21BB6E00C009F6496 /* TopRidesViewController.m */,
				044ECE911BC08A6000AF3E2D /* SearchResultsViewController.h */,
				044ECE921BC08A6000AF3E2D /* SearchResultsViewController.m */,
				143F30DD1BC83C28006A6A21 /* SearchResultsViewController.xib */,
				044ECE961BC08A8000AF3E2D /* SearchResultCell.h */,
				044ECE971BC08A8000AF3E2D /* SearchResultCell.m */,
				044ECE981BC08A8000AF3E2D /* SearchResultCell.xib */,
				047E45801BC59DE0000B5151 /* SelectLocationViewController.h */,
				047E45811BC59DE0000B5151 /* SelectLocationViewController.m */,
				047E45821BC59DE0000B5151 /* SelectLocationViewController.xib */,
				87B58B5A1BD388D100E73E55 /* MapLookupViewController.h */,
				87B58B5B1BD388D100E73E55 /* MapLookupViewController.m */,
				87B58B5C1BD388D100E73E55 /* MapLookupViewController.xib */,
				87C571CF1BDBB07F00EFB618 /* CreateRideViewController.h */,
				87C571D01BDBB08000EFB618 /* CreateRideViewController.m */,
				87C571D11BDBB08000EFB618 /* CreateRideViewController.xib */,
			);
			path = Controllers;
			sourceTree = "<group>";
		};
		143BE6A91BB14BD2009F6496 /* CustomViews */ = {
			isa = PBXGroup;
			children = (
				87B58B5F1BD38DD700E73E55 /* MapItemView.h */,
				87B58B601BD38DD700E73E55 /* MapItemView.m */,
				143BE6C21BB68F1D009F6496 /* BestDriverCell.h */,
				143BE6C31BB68F1D009F6496 /* BestDriverCell.m */,
				143BE6C51BB69327009F6496 /* MostRidesCell.h */,
				143BE6C61BB69327009F6496 /* MostRidesCell.m */,
				047E45581BC5831D000B5151 /* PickupLocationView.h */,
				047E45591BC5831D000B5151 /* PickupLocationView.m */,
				047E455B1BC58330000B5151 /* PickupLocationView.xib */,
				87B58B621BD3983800E73E55 /* MapItemPopupViewController.h */,
				87B58B631BD3983800E73E55 /* MapItemPopupViewController.m */,
				87B58B641BD3983800E73E55 /* MapItemPopupViewController.xib */,
			);
			path = CustomViews;
			sourceTree = "<group>";
		};
		143BE6AA1BB14BD2009F6496 /* Delegate */ = {
			isa = PBXGroup;
			children = (
				143BE6AB1BB14BD2009F6496 /* AppDelegate.h */,
				143BE6AC1BB14BD2009F6496 /* AppDelegate.m */,
			);
			path = Delegate;
			sourceTree = "<group>";
		};
		143BE6AD1BB14BD2009F6496 /* Helper */ = {
			isa = PBXGroup;
			children = (
				143BE6D71BB82363009F6496 /* CALayer+RuntimeAttribute.h */,
				143BE6D81BB82363009F6496 /* CALayer+RuntimeAttribute.m */,
				87C1AF801BB8325500E21838 /* BaseAPIManager.h */,
				87C1AF811BB8325500E21838 /* BaseAPIManager.m */,
				87A113381BB6FAC70092E870 /* SynthesizeSingleton.h */,
				87A113391BB6FB370092E870 /* MobAccountManager.h */,
				87A1133A1BB6FB370092E870 /* MobAccountManager.m */,
				87C1AF7D1BB831A300E21838 /* MasterDataManager.h */,
				87C1AF7E1BB831A300E21838 /* MasterDataManager.m */,
				047E458F1BC63686000B5151 /* MobDriverManager.h */,
				047E45901BC63686000B5151 /* MobDriverManager.m */,
				87C571D71BDBD07700EFB618 /* MobVehicleManager.h */,
				87C571D81BDBD07700EFB618 /* MobVehicleManager.m */,
			);
			path = Helper;
			sourceTree = "<group>";
		};
		143BE6AE1BB14BD2009F6496 /* Views */ = {
			isa = PBXGroup;
			children = (
				87C571D41BDBCCA900EFB618 /* UILabel+Borders.h */,
				87C571D51BDBCCA900EFB618 /* UILabel+Borders.m */,
			);
			path = Views;
			sourceTree = "<group>";
		};
		87C1AF831BB866DC00E21838 /* Models */ = {
			isa = PBXGroup;
			children = (
				87C1AF841BB8670C00E21838 /* AgeRange.h */,
				87C1AF851BB8670C00E21838 /* AgeRange.m */,
				0489129C1BB92150005E4E02 /* Nationality.h */,
				0489129D1BB92150005E4E02 /* Nationality.m */,
				0489129F1BB922A2005E4E02 /* TermsAndCondition.h */,
				048912A01BB922A2005E4E02 /* TermsAndCondition.m */,
				048912A21BB92458005E4E02 /* Language.h */,
				048912A31BB92458005E4E02 /* Language.m */,
				048912A51BB92539005E4E02 /* Employer.h */,
				048912A61BB92539005E4E02 /* Employer.m */,
				048912A81BB92609005E4E02 /* Emirate.h */,
				048912A91BB92609005E4E02 /* Emirate.m */,
				048912AB1BB926A6005E4E02 /* Region.h */,
				048912AC1BB926A6005E4E02 /* Region.m */,
				048912AE1BB933B8005E4E02 /* User.h */,
				048912AF1BB933B8005E4E02 /* User.m */,
				047E45921BC63C99000B5151 /* DriverSearchResult.h */,
				047E45931BC63C99000B5151 /* DriverSearchResult.m */,
				143F30F21BC85961006A6A21 /* BestDriver.h */,
				143F30F31BC85961006A6A21 /* BestDriver.m */,
				143F30F71BC8EF5E006A6A21 /* MostRide.h */,
				143F30F81BC8EF5E006A6A21 /* MostRide.m */,
				143F30FF1BC9F540006A6A21 /* MapLookUp.h */,
				143F31001BC9F540006A6A21 /* MapLookUp.m */,
				87B58B541BD36F7900E73E55 /* MostRideDetails.h */,
				87B58B551BD36F7900E73E55 /* MostRideDetails.m */,
				87C571DA1BDBD33F00EFB618 /* Vehicle.h */,
				87C571DB1BDBD33F00EFB618 /* Vehicle.m */,
			);
			path = Models;
			sourceTree = "<group>";
		};
		CF95CB2E9D399F32CE70C8F6 /* Pods */ = {
			isa = PBXGroup;
			children = (
				33EF369DCE24017837965426 /* Pods.debug.xcconfig */,
				C699F720BCBF8D46B41E1A56 /* Pods.release.xcconfig */,
			);
			name = Pods;
			sourceTree = "<group>";
		};
		EB0896A2D090EB584EC82226 /* Frameworks */ = {
			isa = PBXGroup;
			children = (
				143F30F51BC86DE7006A6A21 /* MessageUI.framework */,
				072E520A66E22BABE4DD7235 /* libPods.a */,
			);
			name = Frameworks;
			sourceTree = "<group>";
		};
/* End PBXGroup section */

/* Begin PBXNativeTarget section */
		04931B1A1BAAF814000F5434 /* Sharekni */ = {
			isa = PBXNativeTarget;
			buildConfigurationList = 04931B411BAAF815000F5434 /* Build configuration list for PBXNativeTarget "Sharekni" */;
			buildPhases = (
				2BC78500AA30AE2477805290 /* Check Pods Manifest.lock */,
				04931B171BAAF814000F5434 /* Sources */,
				04931B181BAAF814000F5434 /* Frameworks */,
				04931B191BAAF814000F5434 /* Resources */,
				1882798873A5255E4676CE16 /* Copy Pods Resources */,
			);
			buildRules = (
			);
			dependencies = (
			);
			name = Sharekni;
			productName = Sharekni;
			productReference = 04931B1B1BAAF814000F5434 /* Sharekni.app */;
			productType = "com.apple.product-type.application";
		};
		04931B361BAAF815000F5434 /* SharekniTests */ = {
			isa = PBXNativeTarget;
			buildConfigurationList = 04931B441BAAF815000F5434 /* Build configuration list for PBXNativeTarget "SharekniTests" */;
			buildPhases = (
				04931B331BAAF815000F5434 /* Sources */,
				04931B341BAAF815000F5434 /* Frameworks */,
				04931B351BAAF815000F5434 /* Resources */,
			);
			buildRules = (
			);
			dependencies = (
				04931B391BAAF815000F5434 /* PBXTargetDependency */,
			);
			name = SharekniTests;
			productName = SharekniTests;
			productReference = 04931B371BAAF815000F5434 /* SharekniTests.xctest */;
			productType = "com.apple.product-type.bundle.unit-test";
		};
/* End PBXNativeTarget section */

/* Begin PBXProject section */
		04931B131BAAF814000F5434 /* Project object */ = {
			isa = PBXProject;
			attributes = {
				LastUpgradeCheck = 0630;
				TargetAttributes = {
					04931B1A1BAAF814000F5434 = {
						CreatedOnToolsVersion = 6.3.1;
						DevelopmentTeam = FN9NQZP477;
					};
					04931B361BAAF815000F5434 = {
						CreatedOnToolsVersion = 6.3.1;
						TestTargetID = 04931B1A1BAAF814000F5434;
					};
				};
			};
			buildConfigurationList = 04931B161BAAF814000F5434 /* Build configuration list for PBXProject "sharekni" */;
			compatibilityVersion = "Xcode 3.2";
			developmentRegion = English;
			hasScannedForEncodings = 0;
			knownRegions = (
				en,
				Base,
				ar,
			);
			mainGroup = 04931B121BAAF814000F5434;
			productRefGroup = 04931B1C1BAAF814000F5434 /* Products */;
			projectDirPath = "";
			projectRoot = "";
			targets = (
				04931B1A1BAAF814000F5434 /* Sharekni */,
				04931B361BAAF815000F5434 /* SharekniTests */,
			);
		};
/* End PBXProject section */

/* Begin PBXResourcesBuildPhase section */
		04931B191BAAF814000F5434 /* Resources */ = {
			isa = PBXResourcesBuildPhase;
			buildActionMask = 2147483647;
			files = (
				047E455C1BC58330000B5151 /* PickupLocationView.xib in Resources */,
				143F30E01BC83F70006A6A21 /* Images.xcassets in Resources */,
				044ECE9A1BC08A8000AF3E2D /* SearchResultCell.xib in Resources */,
				047E45571BC09F3B000B5151 /* AdvancedSearchViewController.xib in Resources */,
				04931B2D1BAAF814000F5434 /* Main.storyboard in Resources */,
				143F30EE1BC8488D006A6A21 /* Localizable.strings in Resources */,
				144869ED1BC0844B00804C26 /* LoginViewController.xib in Resources */,
				04931B2D1BAAF814000F5434 /* Main.storyboard in Resources */,
				87B58B6B1BD3BC5D00E73E55 /* Final_Intro.mp4 in Resources */,
				144869ED1BC0844B00804C26 /* LoginViewController.xib in Resources */,
				144869FB1BC0968E00804C26 /* QuickSearchViewController.xib in Resources */,
				04931B2D1BAAF814000F5434 /* Main.storyboard in Resources */,
				87C571D31BDBB08000EFB618 /* CreateRideViewController.xib in Resources */,
				144869ED1BC0844B00804C26 /* LoginViewController.xib in Resources */,
				04931B2D1BAAF814000F5434 /* Main.storyboard in Resources */,
				143F30DE1BC83C28006A6A21 /* SearchResultsViewController.xib in Resources */,
				144869ED1BC0844B00804C26 /* LoginViewController.xib in Resources */,
				04931B2D1BAAF814000F5434 /* Main.storyboard in Resources */,
				047E45841BC59DE0000B5151 /* SelectLocationViewController.xib in Resources */,
				87B58B5E1BD388D100E73E55 /* MapLookupViewController.xib in Resources */,
				143F30FA1BC90D15006A6A21 /* SearchViewController.xib in Resources */,
				14DA33D11BC5006300078F02 /* RegisterViewController.xib in Resources */,
				04931B321BAAF814000F5434 /* LaunchScreen.xib in Resources */,
				87B58B661BD3983800E73E55 /* MapItemPopupViewController.xib in Resources */,
			);
			runOnlyForDeploymentPostprocessing = 0;
		};
		04931B351BAAF815000F5434 /* Resources */ = {
			isa = PBXResourcesBuildPhase;
			buildActionMask = 2147483647;
			files = (
			);
			runOnlyForDeploymentPostprocessing = 0;
		};
/* End PBXResourcesBuildPhase section */

/* Begin PBXShellScriptBuildPhase section */
		1882798873A5255E4676CE16 /* Copy Pods Resources */ = {
			isa = PBXShellScriptBuildPhase;
			buildActionMask = 2147483647;
			files = (
			);
			inputPaths = (
			);
			name = "Copy Pods Resources";
			outputPaths = (
			);
			runOnlyForDeploymentPostprocessing = 0;
			shellPath = /bin/sh;
			shellScript = "\"${SRCROOT}/Pods/Target Support Files/Pods/Pods-resources.sh\"\n";
			showEnvVarsInLog = 0;
		};
		2BC78500AA30AE2477805290 /* Check Pods Manifest.lock */ = {
			isa = PBXShellScriptBuildPhase;
			buildActionMask = 2147483647;
			files = (
			);
			inputPaths = (
			);
			name = "Check Pods Manifest.lock";
			outputPaths = (
			);
			runOnlyForDeploymentPostprocessing = 0;
			shellPath = /bin/sh;
			shellScript = "diff \"${PODS_ROOT}/../Podfile.lock\" \"${PODS_ROOT}/Manifest.lock\" > /dev/null\nif [[ $? != 0 ]] ; then\n    cat << EOM\nerror: The sandbox is not in sync with the Podfile.lock. Run 'pod install' or update your CocoaPods installation.\nEOM\n    exit 1\nfi\n";
			showEnvVarsInLog = 0;
		};
/* End PBXShellScriptBuildPhase section */

/* Begin PBXSourcesBuildPhase section */
		04931B171BAAF814000F5434 /* Sources */ = {
			isa = PBXSourcesBuildPhase;
			buildActionMask = 2147483647;
			files = (
				87C1AF821BB8325500E21838 /* BaseAPIManager.m in Sources */,
				0429B1C31BB9C84400161222 /* NSObject+Blocks.m in Sources */,
				87C571D21BDBB08000EFB618 /* CreateRideViewController.m in Sources */,
				87A1133B1BB6FB370092E870 /* MobAccountManager.m in Sources */,
				143BE6D01BB6E001009F6496 /* AdvancedSearchViewController.m in Sources */,
				143F31011BC9F540006A6A21 /* MapLookUp.m in Sources */,
				143F30F91BC8EF5E006A6A21 /* MostRide.m in Sources */,
				87C571D91BDBD07700EFB618 /* MobVehicleManager.m in Sources */,
				047E45501BC0960F000B5151 /* SearchViewController.m in Sources */,
				048912AD1BB926A6005E4E02 /* Region.m in Sources */,
				87C571DC1BDBD33F00EFB618 /* Vehicle.m in Sources */,
				143BE6B51BB56402009F6496 /* RegisterViewController.m in Sources */,
				87B58B5D1BD388D100E73E55 /* MapLookupViewController.m in Sources */,
				047E458E1BC5A4D8000B5151 /* NSString+Levenshtein.m in Sources */,
				143BE6BE1BB68E97009F6496 /* MostRidesViewController.m in Sources */,
				0489129E1BB92150005E4E02 /* Nationality.m in Sources */,
				87C571D61BDBCCA900EFB618 /* UILabel+Borders.m in Sources */,
				143BE6C71BB69327009F6496 /* MostRidesCell.m in Sources */,
				044ECE941BC08A6000AF3E2D /* SearchResultsViewController.m in Sources */,
				048912A11BB922A2005E4E02 /* TermsAndCondition.m in Sources */,
				87B58B591BD3842800E73E55 /* Base64.m in Sources */,
				143BE6C41BB68F1D009F6496 /* BestDriverCell.m in Sources */,
				048912A41BB92458005E4E02 /* Language.m in Sources */,
				048912A71BB92539005E4E02 /* Employer.m in Sources */,
				048912B01BB933B8005E4E02 /* User.m in Sources */,
				143BE6C11BB68EA5009F6496 /* BestDriversViewController.m in Sources */,
				047E45831BC59DE0000B5151 /* SelectLocationViewController.m in Sources */,
				87B58B651BD3983800E73E55 /* MapItemPopupViewController.m in Sources */,
				048912AA1BB92609005E4E02 /* Emirate.m in Sources */,
				0429B1C61BB9DC5F00161222 /* HelpManager.m in Sources */,
				04931B271BAAF814000F5434 /* Sharekni.xcdatamodeld in Sources */,
				143F30F41BC85961006A6A21 /* BestDriver.m in Sources */,
				87B58B561BD36F7900E73E55 /* MostRideDetails.m in Sources */,
				87B58B691BD3B74F00E73E55 /* XOSplashVideoController.m in Sources */,
				143BE6B81BB5640B009F6496 /* LoginViewController.m in Sources */,
				047E455A1BC5831D000B5151 /* PickupLocationView.m in Sources */,
				143BE6D31BB6E00C009F6496 /* TopRidesViewController.m in Sources */,
				143BE6D91BB82363009F6496 /* CALayer+RuntimeAttribute.m in Sources */,
				143BE6B21BB14BE5009F6496 /* WelcomeViewController.m in Sources */,
				047E45911BC63686000B5151 /* MobDriverManager.m in Sources */,
				047E45941BC63C99000B5151 /* DriverSearchResult.m in Sources */,
				87C1AF7F1BB831A300E21838 /* MasterDataManager.m in Sources */,
				04931B211BAAF814000F5434 /* main.m in Sources */,
				144869FA1BC0968E00804C26 /* QuickSearchViewController.m in Sources */,
				87B58B611BD38DD700E73E55 /* MapItemView.m in Sources */,
				143BE6AF1BB14BD2009F6496 /* AppDelegate.m in Sources */,
				047E458D1BC5A4D8000B5151 /* MLPAutoCompleteTextField.m in Sources */,
				044ECE991BC08A8000AF3E2D /* SearchResultCell.m in Sources */,
				87C1AF861BB8670C00E21838 /* AgeRange.m in Sources */,
			);
			runOnlyForDeploymentPostprocessing = 0;
		};
		04931B331BAAF815000F5434 /* Sources */ = {
			isa = PBXSourcesBuildPhase;
			buildActionMask = 2147483647;
			files = (
				04931B3E1BAAF815000F5434 /* SharekniTests.m in Sources */,
			);
			runOnlyForDeploymentPostprocessing = 0;
		};
/* End PBXSourcesBuildPhase section */

/* Begin PBXTargetDependency section */
		04931B391BAAF815000F5434 /* PBXTargetDependency */ = {
			isa = PBXTargetDependency;
			target = 04931B1A1BAAF814000F5434 /* Sharekni */;
			targetProxy = 04931B381BAAF815000F5434 /* PBXContainerItemProxy */;
		};
/* End PBXTargetDependency section */

/* Begin PBXVariantGroup section */
		04931B2B1BAAF814000F5434 /* Main.storyboard */ = {
			isa = PBXVariantGroup;
			children = (
				04931B2C1BAAF814000F5434 /* Base */,
				143F30E31BC84645006A6A21 /* ar */,
			);
			name = Main.storyboard;
			sourceTree = "<group>";
		};
		04931B301BAAF814000F5434 /* LaunchScreen.xib */ = {
			isa = PBXVariantGroup;
			children = (
				04931B311BAAF814000F5434 /* Base */,
				143F30E41BC84645006A6A21 /* ar */,
			);
			name = LaunchScreen.xib;
			sourceTree = "<group>";
		};
		143F30F01BC8488D006A6A21 /* Localizable.strings */ = {
			isa = PBXVariantGroup;
			children = (
				143F30EF1BC8488D006A6A21 /* en */,
				143F30F11BC84893006A6A21 /* ar */,
			);
			name = Localizable.strings;
			sourceTree = "<group>";
		};
		143F30FC1BC90D15006A6A21 /* SearchViewController.xib */ = {
			isa = PBXVariantGroup;
			children = (
				143F30FB1BC90D15006A6A21 /* en */,
				143F30FE1BC90D19006A6A21 /* ar */,
			);
			name = SearchViewController.xib;
			sourceTree = "<group>";
		};
		144869EF1BC0844B00804C26 /* LoginViewController.xib */ = {
			isa = PBXVariantGroup;
			children = (
				144869EE1BC0844B00804C26 /* en */,
				143F30E51BC84645006A6A21 /* ar */,
			);
			name = LoginViewController.xib;
			sourceTree = "<group>";
		};
		14DA33D31BC5006300078F02 /* RegisterViewController.xib */ = {
			isa = PBXVariantGroup;
			children = (
				14DA33D21BC5006300078F02 /* en */,
				143F30E61BC84645006A6A21 /* ar */,
			);
			name = RegisterViewController.xib;
			sourceTree = "<group>";
		};
/* End PBXVariantGroup section */

/* Begin XCBuildConfiguration section */
		04931B3F1BAAF815000F5434 /* Debug */ = {
			isa = XCBuildConfiguration;
			buildSettings = {
				ALWAYS_SEARCH_USER_PATHS = NO;
				CLANG_CXX_LANGUAGE_STANDARD = "gnu++0x";
				CLANG_CXX_LIBRARY = "libc++";
				CLANG_ENABLE_MODULES = YES;
				CLANG_ENABLE_OBJC_ARC = YES;
				CLANG_WARN_BOOL_CONVERSION = YES;
				CLANG_WARN_CONSTANT_CONVERSION = YES;
				CLANG_WARN_DIRECT_OBJC_ISA_USAGE = YES_ERROR;
				CLANG_WARN_EMPTY_BODY = YES;
				CLANG_WARN_ENUM_CONVERSION = YES;
				CLANG_WARN_INT_CONVERSION = YES;
				CLANG_WARN_OBJC_ROOT_CLASS = YES_ERROR;
				CLANG_WARN_UNREACHABLE_CODE = YES;
				CLANG_WARN__DUPLICATE_METHOD_MATCH = YES;
				"CODE_SIGN_IDENTITY[sdk=iphoneos*]" = "iPhone Developer";
				COPY_PHASE_STRIP = NO;
				DEBUG_INFORMATION_FORMAT = "dwarf-with-dsym";
				ENABLE_STRICT_OBJC_MSGSEND = YES;
				GCC_C_LANGUAGE_STANDARD = gnu99;
				GCC_DYNAMIC_NO_PIC = NO;
				GCC_NO_COMMON_BLOCKS = YES;
				GCC_OPTIMIZATION_LEVEL = 0;
				GCC_PREPROCESSOR_DEFINITIONS = (
					"DEBUG=1",
					"$(inherited)",
				);
				GCC_SYMBOLS_PRIVATE_EXTERN = NO;
				GCC_WARN_64_TO_32_BIT_CONVERSION = YES;
				GCC_WARN_ABOUT_RETURN_TYPE = YES_ERROR;
				GCC_WARN_UNDECLARED_SELECTOR = YES;
				GCC_WARN_UNINITIALIZED_AUTOS = YES_AGGRESSIVE;
				GCC_WARN_UNUSED_FUNCTION = YES;
				GCC_WARN_UNUSED_VARIABLE = YES;
				IPHONEOS_DEPLOYMENT_TARGET = 8.3;
				MTL_ENABLE_DEBUG_INFO = YES;
				ONLY_ACTIVE_ARCH = YES;
				SDKROOT = iphoneos;
			};
			name = Debug;
		};
		04931B401BAAF815000F5434 /* Release */ = {
			isa = XCBuildConfiguration;
			buildSettings = {
				ALWAYS_SEARCH_USER_PATHS = NO;
				CLANG_CXX_LANGUAGE_STANDARD = "gnu++0x";
				CLANG_CXX_LIBRARY = "libc++";
				CLANG_ENABLE_MODULES = YES;
				CLANG_ENABLE_OBJC_ARC = YES;
				CLANG_WARN_BOOL_CONVERSION = YES;
				CLANG_WARN_CONSTANT_CONVERSION = YES;
				CLANG_WARN_DIRECT_OBJC_ISA_USAGE = YES_ERROR;
				CLANG_WARN_EMPTY_BODY = YES;
				CLANG_WARN_ENUM_CONVERSION = YES;
				CLANG_WARN_INT_CONVERSION = YES;
				CLANG_WARN_OBJC_ROOT_CLASS = YES_ERROR;
				CLANG_WARN_UNREACHABLE_CODE = YES;
				CLANG_WARN__DUPLICATE_METHOD_MATCH = YES;
				"CODE_SIGN_IDENTITY[sdk=iphoneos*]" = "iPhone Developer";
				COPY_PHASE_STRIP = NO;
				DEBUG_INFORMATION_FORMAT = "dwarf-with-dsym";
				ENABLE_NS_ASSERTIONS = NO;
				ENABLE_STRICT_OBJC_MSGSEND = YES;
				GCC_C_LANGUAGE_STANDARD = gnu99;
				GCC_NO_COMMON_BLOCKS = YES;
				GCC_WARN_64_TO_32_BIT_CONVERSION = YES;
				GCC_WARN_ABOUT_RETURN_TYPE = YES_ERROR;
				GCC_WARN_UNDECLARED_SELECTOR = YES;
				GCC_WARN_UNINITIALIZED_AUTOS = YES_AGGRESSIVE;
				GCC_WARN_UNUSED_FUNCTION = YES;
				GCC_WARN_UNUSED_VARIABLE = YES;
				IPHONEOS_DEPLOYMENT_TARGET = 8.3;
				MTL_ENABLE_DEBUG_INFO = NO;
				SDKROOT = iphoneos;
				VALIDATE_PRODUCT = YES;
			};
			name = Release;
		};
		04931B421BAAF815000F5434 /* Debug */ = {
			isa = XCBuildConfiguration;
			baseConfigurationReference = 33EF369DCE24017837965426 /* Pods.debug.xcconfig */;
			buildSettings = {
				ASSETCATALOG_COMPILER_APPICON_NAME = AppIcon;
				CODE_SIGN_IDENTITY = "iPhone Developer";
				"CODE_SIGN_IDENTITY[sdk=iphoneos*]" = "iPhone Developer";
				INFOPLIST_FILE = Sharekni/Info.plist;
				IPHONEOS_DEPLOYMENT_TARGET = 8.1;
				LD_RUNPATH_SEARCH_PATHS = "$(inherited) @executable_path/Frameworks";
				PRODUCT_BUNDLE_IDENTIFIER = com.sharekni.Sharekni;
				PRODUCT_NAME = "$(TARGET_NAME)";
				PROVISIONING_PROFILE = "";
			};
			name = Debug;
		};
		04931B431BAAF815000F5434 /* Release */ = {
			isa = XCBuildConfiguration;
			baseConfigurationReference = C699F720BCBF8D46B41E1A56 /* Pods.release.xcconfig */;
			buildSettings = {
				ASSETCATALOG_COMPILER_APPICON_NAME = AppIcon;
				CODE_SIGN_IDENTITY = "iPhone Developer";
				"CODE_SIGN_IDENTITY[sdk=iphoneos*]" = "iPhone Developer";
				INFOPLIST_FILE = Sharekni/Info.plist;
				IPHONEOS_DEPLOYMENT_TARGET = 8.1;
				LD_RUNPATH_SEARCH_PATHS = "$(inherited) @executable_path/Frameworks";
				PRODUCT_BUNDLE_IDENTIFIER = com.sharekni.Sharekni;
				PRODUCT_NAME = "$(TARGET_NAME)";
				PROVISIONING_PROFILE = "";
			};
			name = Release;
		};
		04931B451BAAF815000F5434 /* Debug */ = {
			isa = XCBuildConfiguration;
			buildSettings = {
				BUNDLE_LOADER = "$(TEST_HOST)";
				FRAMEWORK_SEARCH_PATHS = (
					"$(SDKROOT)/Developer/Library/Frameworks",
					"$(inherited)",
				);
				GCC_PREPROCESSOR_DEFINITIONS = (
					"DEBUG=1",
					"$(inherited)",
				);
				INFOPLIST_FILE = SharekniTests/Info.plist;
				LD_RUNPATH_SEARCH_PATHS = "$(inherited) @executable_path/Frameworks @loader_path/Frameworks";
				PRODUCT_NAME = "$(TARGET_NAME)";
				TEST_HOST = "$(BUILT_PRODUCTS_DIR)/Sharekni.app/Sharekni";
			};
			name = Debug;
		};
		04931B461BAAF815000F5434 /* Release */ = {
			isa = XCBuildConfiguration;
			buildSettings = {
				BUNDLE_LOADER = "$(TEST_HOST)";
				FRAMEWORK_SEARCH_PATHS = (
					"$(SDKROOT)/Developer/Library/Frameworks",
					"$(inherited)",
				);
				INFOPLIST_FILE = SharekniTests/Info.plist;
				LD_RUNPATH_SEARCH_PATHS = "$(inherited) @executable_path/Frameworks @loader_path/Frameworks";
				PRODUCT_NAME = "$(TARGET_NAME)";
				TEST_HOST = "$(BUILT_PRODUCTS_DIR)/Sharekni.app/Sharekni";
			};
			name = Release;
		};
/* End XCBuildConfiguration section */

/* Begin XCConfigurationList section */
		04931B161BAAF814000F5434 /* Build configuration list for PBXProject "sharekni" */ = {
			isa = XCConfigurationList;
			buildConfigurations = (
				04931B3F1BAAF815000F5434 /* Debug */,
				04931B401BAAF815000F5434 /* Release */,
			);
			defaultConfigurationIsVisible = 0;
			defaultConfigurationName = Release;
		};
		04931B411BAAF815000F5434 /* Build configuration list for PBXNativeTarget "Sharekni" */ = {
			isa = XCConfigurationList;
			buildConfigurations = (
				04931B421BAAF815000F5434 /* Debug */,
				04931B431BAAF815000F5434 /* Release */,
			);
			defaultConfigurationIsVisible = 0;
			defaultConfigurationName = Release;
		};
		04931B441BAAF815000F5434 /* Build configuration list for PBXNativeTarget "SharekniTests" */ = {
			isa = XCConfigurationList;
			buildConfigurations = (
				04931B451BAAF815000F5434 /* Debug */,
				04931B461BAAF815000F5434 /* Release */,
			);
			defaultConfigurationIsVisible = 0;
			defaultConfigurationName = Release;
		};
/* End XCConfigurationList section */

/* Begin XCVersionGroup section */
		04931B251BAAF814000F5434 /* Sharekni.xcdatamodeld */ = {
			isa = XCVersionGroup;
			children = (
				04931B261BAAF814000F5434 /* Sharekni.xcdatamodel */,
			);
			currentVersion = 04931B261BAAF814000F5434 /* Sharekni.xcdatamodel */;
			path = Sharekni.xcdatamodeld;
			sourceTree = "<group>";
			versionGroupType = wrapper.xcdatamodel;
		};
/* End XCVersionGroup section */
	};
	rootObject = 04931B131BAAF814000F5434 /* Project object */;
}
